
Microsoft Visual Studio Solution File, Format Version 12.00
# Visual Studio Version 17
VisualStudioVersion = 17.2.32630.192
MinimumVisualStudioVersion = 10.0.40219.1
Project("{2150E333-8FDC-42A3-9474-1A3956D46DE8}") = "Login MicroService", "Login MicroService", "{848E46EF-A2CE-46E1-ACFB-38FBEB0BB652}"
EndProject
Project("{2150E333-8FDC-42A3-9474-1A3956D46DE8}") = "Student Manager Microservice", "Student Manager Microservice", "{5078F5D5-51C3-47DF-A67E-E3401E1AAC6D}"
EndProject
Project("{2150E333-8FDC-42A3-9474-1A3956D46DE8}") = "Microservices", "Microservices", "{6799349E-5D9A-4A59-A611-6A295928E89D}"
EndProject
Project("{9A19103F-16F7-4668-BE54-9A1E7A4F7556}") = "StudentManager", "Microservices\Students Microservice\StudentsManager\StudentManager.csproj", "{166BC694-1782-4C26-869A-BDB7E6314653}"
EndProject
Project("{9A19103F-16F7-4668-BE54-9A1E7A4F7556}") = "LoginMicroService", "Microservices\Login MicroService\LoginMicroService\LoginMicroService.csproj", "{88B218EF-325C-4A48-85DD-DB20B05187EB}"
EndProject
Project("{9A19103F-16F7-4668-BE54-9A1E7A4F7556}") = "Tests", "Microservices\Login MicroService\Tests\Tests.csproj", "{709016C9-12E1-4003-89F2-40D8AB92AA50}"
EndProject
Project("{2150E333-8FDC-42A3-9474-1A3956D46DE8}") = "Thin Clients", "Thin Clients", "{AB789997-233D-4EB5-83DA-5213D66AC22F}"
EndProject
Project("{FAE04EC0-301F-11D3-BF4B-00C04F79EFBC}") = "LoginClient.UWP", "Thin Clients\LoginThinClient\LoginClient\LoginClient.UWP\LoginClient.UWP.csproj", "{F5BA7388-DCC6-43D3-83B0-C2BE55EAEAEC}"
EndProject
Project("{FAE04EC0-301F-11D3-BF4B-00C04F79EFBC}") = "LoginClient.Android", "Thin Clients\LoginThinClient\LoginClient\LoginClient.Android\LoginClient.Android.csproj", "{A64AABA8-CBFE-4C7C-BE66-099ABCCDB9D7}"
EndProject
Project("{FAE04EC0-301F-11D3-BF4B-00C04F79EFBC}") = "LoginClient.iOS", "Thin Clients\LoginThinClient\LoginClient\LoginClient.iOS\LoginClient.iOS.csproj", "{26B1EC9A-C7AE-40D8-A413-295A200DB112}"
EndProject
Project("{FAE04EC0-301F-11D3-BF4B-00C04F79EFBC}") = "LoginClient", "Thin Clients\LoginThinClient\LoginClient\LoginClient\LoginClient.csproj", "{87A94896-05FA-425D-AC87-4079D56835E5}"
EndProject
Global
	GlobalSection(SolutionConfigurationPlatforms) = preSolution
		Debug|Any CPU = Debug|Any CPU
		Debug|ARM = Debug|ARM
		Debug|iPhone = Debug|iPhone
		Debug|iPhoneSimulator = Debug|iPhoneSimulator
		Debug|x64 = Debug|x64
		Debug|x86 = Debug|x86
		Release|Any CPU = Release|Any CPU
		Release|ARM = Release|ARM
		Release|iPhone = Release|iPhone
		Release|iPhoneSimulator = Release|iPhoneSimulator
		Release|x64 = Release|x64
		Release|x86 = Release|x86
	EndGlobalSection
	GlobalSection(ProjectConfigurationPlatforms) = postSolution
		{166BC694-1782-4C26-869A-BDB7E6314653}.Debug|Any CPU.ActiveCfg = Debug|Any CPU
		{166BC694-1782-4C26-869A-BDB7E6314653}.Debug|Any CPU.Build.0 = Debug|Any CPU
		{166BC694-1782-4C26-869A-BDB7E6314653}.Debug|ARM.ActiveCfg = Debug|Any CPU
		{166BC694-1782-4C26-869A-BDB7E6314653}.Debug|ARM.Build.0 = Debug|Any CPU
		{166BC694-1782-4C26-869A-BDB7E6314653}.Debug|iPhone.ActiveCfg = Debug|Any CPU
		{166BC694-1782-4C26-869A-BDB7E6314653}.Debug|iPhone.Build.0 = Debug|Any CPU
		{166BC694-1782-4C26-869A-BDB7E6314653}.Debug|iPhoneSimulator.ActiveCfg = Debug|Any CPU
		{166BC694-1782-4C26-869A-BDB7E6314653}.Debug|iPhoneSimulator.Build.0 = Debug|Any CPU
		{166BC694-1782-4C26-869A-BDB7E6314653}.Debug|x64.ActiveCfg = Debug|Any CPU
		{166BC694-1782-4C26-869A-BDB7E6314653}.Debug|x64.Build.0 = Debug|Any CPU
		{166BC694-1782-4C26-869A-BDB7E6314653}.Debug|x86.ActiveCfg = Debug|Any CPU
		{166BC694-1782-4C26-869A-BDB7E6314653}.Debug|x86.Build.0 = Debug|Any CPU
		{166BC694-1782-4C26-869A-BDB7E6314653}.Release|Any CPU.ActiveCfg = Release|Any CPU
		{166BC694-1782-4C26-869A-BDB7E6314653}.Release|Any CPU.Build.0 = Release|Any CPU
		{166BC694-1782-4C26-869A-BDB7E6314653}.Release|ARM.ActiveCfg = Release|Any CPU
		{166BC694-1782-4C26-869A-BDB7E6314653}.Release|ARM.Build.0 = Release|Any CPU
		{166BC694-1782-4C26-869A-BDB7E6314653}.Release|iPhone.ActiveCfg = Release|Any CPU
		{166BC694-1782-4C26-869A-BDB7E6314653}.Release|iPhone.Build.0 = Release|Any CPU
		{166BC694-1782-4C26-869A-BDB7E6314653}.Release|iPhoneSimulator.ActiveCfg = Release|Any CPU
		{166BC694-1782-4C26-869A-BDB7E6314653}.Release|iPhoneSimulator.Build.0 = Release|Any CPU
		{166BC694-1782-4C26-869A-BDB7E6314653}.Release|x64.ActiveCfg = Release|Any CPU
		{166BC694-1782-4C26-869A-BDB7E6314653}.Release|x64.Build.0 = Release|Any CPU
		{166BC694-1782-4C26-869A-BDB7E6314653}.Release|x86.ActiveCfg = Release|Any CPU
		{166BC694-1782-4C26-869A-BDB7E6314653}.Release|x86.Build.0 = Release|Any CPU
		{88B218EF-325C-4A48-85DD-DB20B05187EB}.Debug|Any CPU.ActiveCfg = Debug|Any CPU
		{88B218EF-325C-4A48-85DD-DB20B05187EB}.Debug|Any CPU.Build.0 = Debug|Any CPU
		{88B218EF-325C-4A48-85DD-DB20B05187EB}.Debug|ARM.ActiveCfg = Debug|Any CPU
		{88B218EF-325C-4A48-85DD-DB20B05187EB}.Debug|ARM.Build.0 = Debug|Any CPU
		{88B218EF-325C-4A48-85DD-DB20B05187EB}.Debug|iPhone.ActiveCfg = Debug|Any CPU
		{88B218EF-325C-4A48-85DD-DB20B05187EB}.Debug|iPhone.Build.0 = Debug|Any CPU
		{88B218EF-325C-4A48-85DD-DB20B05187EB}.Debug|iPhoneSimulator.ActiveCfg = Debug|Any CPU
		{88B218EF-325C-4A48-85DD-DB20B05187EB}.Debug|iPhoneSimulator.Build.0 = Debug|Any CPU
		{88B218EF-325C-4A48-85DD-DB20B05187EB}.Debug|x64.ActiveCfg = Debug|Any CPU
		{88B218EF-325C-4A48-85DD-DB20B05187EB}.Debug|x64.Build.0 = Debug|Any CPU
		{88B218EF-325C-4A48-85DD-DB20B05187EB}.Debug|x86.ActiveCfg = Debug|x86
		{88B218EF-325C-4A48-85DD-DB20B05187EB}.Debug|x86.Build.0 = Debug|x86
		{88B218EF-325C-4A48-85DD-DB20B05187EB}.Release|Any CPU.ActiveCfg = Release|Any CPU
		{88B218EF-325C-4A48-85DD-DB20B05187EB}.Release|Any CPU.Build.0 = Release|Any CPU
		{88B218EF-325C-4A48-85DD-DB20B05187EB}.Release|ARM.ActiveCfg = Release|Any CPU
		{88B218EF-325C-4A48-85DD-DB20B05187EB}.Release|ARM.Build.0 = Release|Any CPU
		{88B218EF-325C-4A48-85DD-DB20B05187EB}.Release|iPhone.ActiveCfg = Release|Any CPU
		{88B218EF-325C-4A48-85DD-DB20B05187EB}.Release|iPhone.Build.0 = Release|Any CPU
		{88B218EF-325C-4A48-85DD-DB20B05187EB}.Release|iPhoneSimulator.ActiveCfg = Release|Any CPU
		{88B218EF-325C-4A48-85DD-DB20B05187EB}.Release|iPhoneSimulator.Build.0 = Release|Any CPU
		{88B218EF-325C-4A48-85DD-DB20B05187EB}.Release|x64.ActiveCfg = Release|Any CPU
		{88B218EF-325C-4A48-85DD-DB20B05187EB}.Release|x64.Build.0 = Release|Any CPU
		{88B218EF-325C-4A48-85DD-DB20B05187EB}.Release|x86.ActiveCfg = Release|x86
		{88B218EF-325C-4A48-85DD-DB20B05187EB}.Release|x86.Build.0 = Release|x86
		{709016C9-12E1-4003-89F2-40D8AB92AA50}.Debug|Any CPU.ActiveCfg = Debug|Any CPU
		{709016C9-12E1-4003-89F2-40D8AB92AA50}.Debug|Any CPU.Build.0 = Debug|Any CPU
		{709016C9-12E1-4003-89F2-40D8AB92AA50}.Debug|ARM.ActiveCfg = Debug|Any CPU
		{709016C9-12E1-4003-89F2-40D8AB92AA50}.Debug|ARM.Build.0 = Debug|Any CPU
		{709016C9-12E1-4003-89F2-40D8AB92AA50}.Debug|iPhone.ActiveCfg = Debug|Any CPU
		{709016C9-12E1-4003-89F2-40D8AB92AA50}.Debug|iPhone.Build.0 = Debug|Any CPU
		{709016C9-12E1-4003-89F2-40D8AB92AA50}.Debug|iPhoneSimulator.ActiveCfg = Debug|Any CPU
		{709016C9-12E1-4003-89F2-40D8AB92AA50}.Debug|iPhoneSimulator.Build.0 = Debug|Any CPU
		{709016C9-12E1-4003-89F2-40D8AB92AA50}.Debug|x64.ActiveCfg = Debug|Any CPU
		{709016C9-12E1-4003-89F2-40D8AB92AA50}.Debug|x64.Build.0 = Debug|Any CPU
		{709016C9-12E1-4003-89F2-40D8AB92AA50}.Debug|x86.ActiveCfg = Debug|Any CPU
		{709016C9-12E1-4003-89F2-40D8AB92AA50}.Debug|x86.Build.0 = Debug|Any CPU
		{709016C9-12E1-4003-89F2-40D8AB92AA50}.Release|Any CPU.ActiveCfg = Release|Any CPU
		{709016C9-12E1-4003-89F2-40D8AB92AA50}.Release|Any CPU.Build.0 = Release|Any CPU
		{709016C9-12E1-4003-89F2-40D8AB92AA50}.Release|ARM.ActiveCfg = Release|Any CPU
		{709016C9-12E1-4003-89F2-40D8AB92AA50}.Release|ARM.Build.0 = Release|Any CPU
		{709016C9-12E1-4003-89F2-40D8AB92AA50}.Release|iPhone.ActiveCfg = Release|Any CPU
		{709016C9-12E1-4003-89F2-40D8AB92AA50}.Release|iPhone.Build.0 = Release|Any CPU
		{709016C9-12E1-4003-89F2-40D8AB92AA50}.Release|iPhoneSimulator.ActiveCfg = Release|Any CPU
		{709016C9-12E1-4003-89F2-40D8AB92AA50}.Release|iPhoneSimulator.Build.0 = Release|Any CPU
		{709016C9-12E1-4003-89F2-40D8AB92AA50}.Release|x64.ActiveCfg = Release|Any CPU
		{709016C9-12E1-4003-89F2-40D8AB92AA50}.Release|x64.Build.0 = Release|Any CPU
		{709016C9-12E1-4003-89F2-40D8AB92AA50}.Release|x86.ActiveCfg = Release|Any CPU
		{709016C9-12E1-4003-89F2-40D8AB92AA50}.Release|x86.Build.0 = Release|Any CPU
		{F5BA7388-DCC6-43D3-83B0-C2BE55EAEAEC}.Debug|Any CPU.ActiveCfg = Debug|x64
		{F5BA7388-DCC6-43D3-83B0-C2BE55EAEAEC}.Debug|Any CPU.Build.0 = Debug|x64
		{F5BA7388-DCC6-43D3-83B0-C2BE55EAEAEC}.Debug|Any CPU.Deploy.0 = Debug|x64
		{F5BA7388-DCC6-43D3-83B0-C2BE55EAEAEC}.Debug|ARM.ActiveCfg = Debug|ARM
		{F5BA7388-DCC6-43D3-83B0-C2BE55EAEAEC}.Debug|ARM.Build.0 = Debug|ARM
		{F5BA7388-DCC6-43D3-83B0-C2BE55EAEAEC}.Debug|ARM.Deploy.0 = Debug|ARM
		{F5BA7388-DCC6-43D3-83B0-C2BE55EAEAEC}.Debug|iPhone.ActiveCfg = Debug|x64
		{F5BA7388-DCC6-43D3-83B0-C2BE55EAEAEC}.Debug|iPhone.Build.0 = Debug|x64
		{F5BA7388-DCC6-43D3-83B0-C2BE55EAEAEC}.Debug|iPhone.Deploy.0 = Debug|x64
		{F5BA7388-DCC6-43D3-83B0-C2BE55EAEAEC}.Debug|iPhoneSimulator.ActiveCfg = Debug|x64
		{F5BA7388-DCC6-43D3-83B0-C2BE55EAEAEC}.Debug|iPhoneSimulator.Build.0 = Debug|x64
		{F5BA7388-DCC6-43D3-83B0-C2BE55EAEAEC}.Debug|iPhoneSimulator.Deploy.0 = Debug|x64
		{F5BA7388-DCC6-43D3-83B0-C2BE55EAEAEC}.Debug|x64.ActiveCfg = Debug|x64
		{F5BA7388-DCC6-43D3-83B0-C2BE55EAEAEC}.Debug|x64.Build.0 = Debug|x64
		{F5BA7388-DCC6-43D3-83B0-C2BE55EAEAEC}.Debug|x64.Deploy.0 = Debug|x64
		{F5BA7388-DCC6-43D3-83B0-C2BE55EAEAEC}.Debug|x86.ActiveCfg = Debug|x86
		{F5BA7388-DCC6-43D3-83B0-C2BE55EAEAEC}.Debug|x86.Build.0 = Debug|x86
		{F5BA7388-DCC6-43D3-83B0-C2BE55EAEAEC}.Debug|x86.Deploy.0 = Debug|x86
		{F5BA7388-DCC6-43D3-83B0-C2BE55EAEAEC}.Release|Any CPU.ActiveCfg = Release|x64
		{F5BA7388-DCC6-43D3-83B0-C2BE55EAEAEC}.Release|Any CPU.Build.0 = Release|x64
		{F5BA7388-DCC6-43D3-83B0-C2BE55EAEAEC}.Release|Any CPU.Deploy.0 = Release|x64
		{F5BA7388-DCC6-43D3-83B0-C2BE55EAEAEC}.Release|ARM.ActiveCfg = Release|ARM
		{F5BA7388-DCC6-43D3-83B0-C2BE55EAEAEC}.Release|ARM.Build.0 = Release|ARM
		{F5BA7388-DCC6-43D3-83B0-C2BE55EAEAEC}.Release|ARM.Deploy.0 = Release|ARM
		{F5BA7388-DCC6-43D3-83B0-C2BE55EAEAEC}.Release|iPhone.ActiveCfg = Release|x64
		{F5BA7388-DCC6-43D3-83B0-C2BE55EAEAEC}.Release|iPhone.Build.0 = Release|x64
		{F5BA7388-DCC6-43D3-83B0-C2BE55EAEAEC}.Release|iPhone.Deploy.0 = Release|x64
		{F5BA7388-DCC6-43D3-83B0-C2BE55EAEAEC}.Release|iPhoneSimulator.ActiveCfg = Release|x64
		{F5BA7388-DCC6-43D3-83B0-C2BE55EAEAEC}.Release|iPhoneSimulator.Build.0 = Release|x64
		{F5BA7388-DCC6-43D3-83B0-C2BE55EAEAEC}.Release|iPhoneSimulator.Deploy.0 = Release|x64
		{F5BA7388-DCC6-43D3-83B0-C2BE55EAEAEC}.Release|x64.ActiveCfg = Release|x64
		{F5BA7388-DCC6-43D3-83B0-C2BE55EAEAEC}.Release|x64.Build.0 = Release|x64
		{F5BA7388-DCC6-43D3-83B0-C2BE55EAEAEC}.Release|x64.Deploy.0 = Release|x64
		{F5BA7388-DCC6-43D3-83B0-C2BE55EAEAEC}.Release|x86.ActiveCfg = Release|x86
		{F5BA7388-DCC6-43D3-83B0-C2BE55EAEAEC}.Release|x86.Build.0 = Release|x86
		{F5BA7388-DCC6-43D3-83B0-C2BE55EAEAEC}.Release|x86.Deploy.0 = Release|x86
		{A64AABA8-CBFE-4C7C-BE66-099ABCCDB9D7}.Debug|Any CPU.ActiveCfg = Debug|Any CPU
		{A64AABA8-CBFE-4C7C-BE66-099ABCCDB9D7}.Debug|Any CPU.Build.0 = Debug|Any CPU
		{A64AABA8-CBFE-4C7C-BE66-099ABCCDB9D7}.Debug|Any CPU.Deploy.0 = Debug|Any CPU
		{A64AABA8-CBFE-4C7C-BE66-099ABCCDB9D7}.Debug|ARM.ActiveCfg = Debug|Any CPU
		{A64AABA8-CBFE-4C7C-BE66-099ABCCDB9D7}.Debug|ARM.Build.0 = Debug|Any CPU
		{A64AABA8-CBFE-4C7C-BE66-099ABCCDB9D7}.Debug|ARM.Deploy.0 = Debug|Any CPU
		{A64AABA8-CBFE-4C7C-BE66-099ABCCDB9D7}.Debug|iPhone.ActiveCfg = Debug|Any CPU
		{A64AABA8-CBFE-4C7C-BE66-099ABCCDB9D7}.Debug|iPhone.Build.0 = Debug|Any CPU
		{A64AABA8-CBFE-4C7C-BE66-099ABCCDB9D7}.Debug|iPhone.Deploy.0 = Debug|Any CPU
		{A64AABA8-CBFE-4C7C-BE66-099ABCCDB9D7}.Debug|iPhoneSimulator.ActiveCfg = Debug|Any CPU
		{A64AABA8-CBFE-4C7C-BE66-099ABCCDB9D7}.Debug|iPhoneSimulator.Build.0 = Debug|Any CPU
		{A64AABA8-CBFE-4C7C-BE66-099ABCCDB9D7}.Debug|iPhoneSimulator.Deploy.0 = Debug|Any CPU
		{A64AABA8-CBFE-4C7C-BE66-099ABCCDB9D7}.Debug|x64.ActiveCfg = Debug|Any CPU
		{A64AABA8-CBFE-4C7C-BE66-099ABCCDB9D7}.Debug|x64.Build.0 = Debug|Any CPU
		{A64AABA8-CBFE-4C7C-BE66-099ABCCDB9D7}.Debug|x64.Deploy.0 = Debug|Any CPU
		{A64AABA8-CBFE-4C7C-BE66-099ABCCDB9D7}.Debug|x86.ActiveCfg = Debug|Any CPU
		{A64AABA8-CBFE-4C7C-BE66-099ABCCDB9D7}.Debug|x86.Build.0 = Debug|Any CPU
		{A64AABA8-CBFE-4C7C-BE66-099ABCCDB9D7}.Debug|x86.Deploy.0 = Debug|Any CPU
		{A64AABA8-CBFE-4C7C-BE66-099ABCCDB9D7}.Release|Any CPU.ActiveCfg = Release|Any CPU
		{A64AABA8-CBFE-4C7C-BE66-099ABCCDB9D7}.Release|Any CPU.Build.0 = Release|Any CPU
		{A64AABA8-CBFE-4C7C-BE66-099ABCCDB9D7}.Release|Any CPU.Deploy.0 = Release|Any CPU
		{A64AABA8-CBFE-4C7C-BE66-099ABCCDB9D7}.Release|ARM.ActiveCfg = Release|Any CPU
		{A64AABA8-CBFE-4C7C-BE66-099ABCCDB9D7}.Release|ARM.Build.0 = Release|Any CPU
		{A64AABA8-CBFE-4C7C-BE66-099ABCCDB9D7}.Release|ARM.Deploy.0 = Release|Any CPU
		{A64AABA8-CBFE-4C7C-BE66-099ABCCDB9D7}.Release|iPhone.ActiveCfg = Release|Any CPU
		{A64AABA8-CBFE-4C7C-BE66-099ABCCDB9D7}.Release|iPhone.Build.0 = Release|Any CPU
		{A64AABA8-CBFE-4C7C-BE66-099ABCCDB9D7}.Release|iPhone.Deploy.0 = Release|Any CPU
		{A64AABA8-CBFE-4C7C-BE66-099ABCCDB9D7}.Release|iPhoneSimulator.ActiveCfg = Release|Any CPU
		{A64AABA8-CBFE-4C7C-BE66-099ABCCDB9D7}.Release|iPhoneSimulator.Build.0 = Release|Any CPU
		{A64AABA8-CBFE-4C7C-BE66-099ABCCDB9D7}.Release|iPhoneSimulator.Deploy.0 = Release|Any CPU
		{A64AABA8-CBFE-4C7C-BE66-099ABCCDB9D7}.Release|x64.ActiveCfg = Release|Any CPU
		{A64AABA8-CBFE-4C7C-BE66-099ABCCDB9D7}.Release|x64.Build.0 = Release|Any CPU
		{A64AABA8-CBFE-4C7C-BE66-099ABCCDB9D7}.Release|x64.Deploy.0 = Release|Any CPU
		{A64AABA8-CBFE-4C7C-BE66-099ABCCDB9D7}.Release|x86.ActiveCfg = Release|Any CPU
		{A64AABA8-CBFE-4C7C-BE66-099ABCCDB9D7}.Release|x86.Build.0 = Release|Any CPU
		{A64AABA8-CBFE-4C7C-BE66-099ABCCDB9D7}.Release|x86.Deploy.0 = Release|Any CPU
		{26B1EC9A-C7AE-40D8-A413-295A200DB112}.Debug|Any CPU.ActiveCfg = Debug|iPhoneSimulator
		{26B1EC9A-C7AE-40D8-A413-295A200DB112}.Debug|Any CPU.Build.0 = Debug|iPhoneSimulator
		{26B1EC9A-C7AE-40D8-A413-295A200DB112}.Debug|ARM.ActiveCfg = Debug|iPhoneSimulator
		{26B1EC9A-C7AE-40D8-A413-295A200DB112}.Debug|ARM.Build.0 = Debug|iPhoneSimulator
		{26B1EC9A-C7AE-40D8-A413-295A200DB112}.Debug|iPhone.ActiveCfg = Debug|iPhone
		{26B1EC9A-C7AE-40D8-A413-295A200DB112}.Debug|iPhone.Build.0 = Debug|iPhone
		{26B1EC9A-C7AE-40D8-A413-295A200DB112}.Debug|iPhoneSimulator.ActiveCfg = Debug|iPhoneSimulator
		{26B1EC9A-C7AE-40D8-A413-295A200DB112}.Debug|iPhoneSimulator.Build.0 = Debug|iPhoneSimulator
		{26B1EC9A-C7AE-40D8-A413-295A200DB112}.Debug|x64.ActiveCfg = Debug|iPhoneSimulator
		{26B1EC9A-C7AE-40D8-A413-295A200DB112}.Debug|x64.Build.0 = Debug|iPhoneSimulator
		{26B1EC9A-C7AE-40D8-A413-295A200DB112}.Debug|x86.ActiveCfg = Debug|iPhoneSimulator
		{26B1EC9A-C7AE-40D8-A413-295A200DB112}.Debug|x86.Build.0 = Debug|iPhoneSimulator
		{26B1EC9A-C7AE-40D8-A413-295A200DB112}.Release|Any CPU.ActiveCfg = Release|iPhoneSimulator
		{26B1EC9A-C7AE-40D8-A413-295A200DB112}.Release|Any CPU.Build.0 = Release|iPhoneSimulator
		{26B1EC9A-C7AE-40D8-A413-295A200DB112}.Release|ARM.ActiveCfg = Release|iPhoneSimulator
		{26B1EC9A-C7AE-40D8-A413-295A200DB112}.Release|ARM.Build.0 = Release|iPhoneSimulator
		{26B1EC9A-C7AE-40D8-A413-295A200DB112}.Release|iPhone.ActiveCfg = Release|iPhone
		{26B1EC9A-C7AE-40D8-A413-295A200DB112}.Release|iPhone.Build.0 = Release|iPhone
		{26B1EC9A-C7AE-40D8-A413-295A200DB112}.Release|iPhoneSimulator.ActiveCfg = Release|iPhoneSimulator
		{26B1EC9A-C7AE-40D8-A413-295A200DB112}.Release|iPhoneSimulator.Build.0 = Release|iPhoneSimulator
		{26B1EC9A-C7AE-40D8-A413-295A200DB112}.Release|x64.ActiveCfg = Release|iPhoneSimulator
		{26B1EC9A-C7AE-40D8-A413-295A200DB112}.Release|x64.Build.0 = Release|iPhoneSimulator
		{26B1EC9A-C7AE-40D8-A413-295A200DB112}.Release|x86.ActiveCfg = Release|iPhoneSimulator
		{26B1EC9A-C7AE-40D8-A413-295A200DB112}.Release|x86.Build.0 = Release|iPhoneSimulator
		{87A94896-05FA-425D-AC87-4079D56835E5}.Debug|Any CPU.ActiveCfg = Debug|Any CPU
		{87A94896-05FA-425D-AC87-4079D56835E5}.Debug|Any CPU.Build.0 = Debug|Any CPU
		{87A94896-05FA-425D-AC87-4079D56835E5}.Debug|ARM.ActiveCfg = Debug|Any CPU
		{87A94896-05FA-425D-AC87-4079D56835E5}.Debug|ARM.Build.0 = Debug|Any CPU
		{87A94896-05FA-425D-AC87-4079D56835E5}.Debug|iPhone.ActiveCfg = Debug|Any CPU
		{87A94896-05FA-425D-AC87-4079D56835E5}.Debug|iPhone.Build.0 = Debug|Any CPU
		{87A94896-05FA-425D-AC87-4079D56835E5}.Debug|iPhoneSimulator.ActiveCfg = Debug|Any CPU
		{87A94896-05FA-425D-AC87-4079D56835E5}.Debug|iPhoneSimulator.Build.0 = Debug|Any CPU
		{87A94896-05FA-425D-AC87-4079D56835E5}.Debug|x64.ActiveCfg = Debug|Any CPU
		{87A94896-05FA-425D-AC87-4079D56835E5}.Debug|x64.Build.0 = Debug|Any CPU
		{87A94896-05FA-425D-AC87-4079D56835E5}.Debug|x86.ActiveCfg = Debug|Any CPU
		{87A94896-05FA-425D-AC87-4079D56835E5}.Debug|x86.Build.0 = Debug|Any CPU
		{87A94896-05FA-425D-AC87-4079D56835E5}.Release|Any CPU.ActiveCfg = Release|Any CPU
		{87A94896-05FA-425D-AC87-4079D56835E5}.Release|Any CPU.Build.0 = Release|Any CPU
		{87A94896-05FA-425D-AC87-4079D56835E5}.Release|ARM.ActiveCfg = Release|Any CPU
		{87A94896-05FA-425D-AC87-4079D56835E5}.Release|ARM.Build.0 = Release|Any CPU
		{87A94896-05FA-425D-AC87-4079D56835E5}.Release|iPhone.ActiveCfg = Release|Any CPU
		{87A94896-05FA-425D-AC87-4079D56835E5}.Release|iPhone.Build.0 = Release|Any CPU
		{87A94896-05FA-425D-AC87-4079D56835E5}.Release|iPhoneSimulator.ActiveCfg = Release|Any CPU
		{87A94896-05FA-425D-AC87-4079D56835E5}.Release|iPhoneSimulator.Build.0 = Release|Any CPU
		{87A94896-05FA-425D-AC87-4079D56835E5}.Release|x64.ActiveCfg = Release|Any CPU
		{87A94896-05FA-425D-AC87-4079D56835E5}.Release|x64.Build.0 = Release|Any CPU
		{87A94896-05FA-425D-AC87-4079D56835E5}.Release|x86.ActiveCfg = Release|Any CPU
		{87A94896-05FA-425D-AC87-4079D56835E5}.Release|x86.Build.0 = Release|Any CPU
	EndGlobalSection
	GlobalSection(SolutionProperties) = preSolution
		HideSolutionNode = FALSE
	EndGlobalSection
	GlobalSection(NestedProjects) = preSolution
		{848E46EF-A2CE-46E1-ACFB-38FBEB0BB652} = {6799349E-5D9A-4A59-A611-6A295928E89D}
		{5078F5D5-51C3-47DF-A67E-E3401E1AAC6D} = {6799349E-5D9A-4A59-A611-6A295928E89D}
		{166BC694-1782-4C26-869A-BDB7E6314653} = {5078F5D5-51C3-47DF-A67E-E3401E1AAC6D}
		{88B218EF-325C-4A48-85DD-DB20B05187EB} = {848E46EF-A2CE-46E1-ACFB-38FBEB0BB652}
		{709016C9-12E1-4003-89F2-40D8AB92AA50} = {848E46EF-A2CE-46E1-ACFB-38FBEB0BB652}
		{F5BA7388-DCC6-43D3-83B0-C2BE55EAEAEC} = {AB789997-233D-4EB5-83DA-5213D66AC22F}
		{A64AABA8-CBFE-4C7C-BE66-099ABCCDB9D7} = {AB789997-233D-4EB5-83DA-5213D66AC22F}
		{26B1EC9A-C7AE-40D8-A413-295A200DB112} = {AB789997-233D-4EB5-83DA-5213D66AC22F}
		{87A94896-05FA-425D-AC87-4079D56835E5} = {AB789997-233D-4EB5-83DA-5213D66AC22F}
	EndGlobalSection
	GlobalSection(ExtensibilityGlobals) = postSolution
		SolutionGuid = {C8F9BACD-B4BB-4AFE-9C17-4DC0274D41CE}
	EndGlobalSection
EndGlobal
