
Microsoft Visual Studio Solution File, Format Version 12.00
# Visual Studio Version 17
VisualStudioVersion = 17.2.32630.192
MinimumVisualStudioVersion = 10.0.40219.1
Project("{2150E333-8FDC-42A3-9474-1A3956D46DE8}") = "Login MicroService", "Login MicroService", "{848E46EF-A2CE-46E1-ACFB-38FBEB0BB652}"
EndProject
Project("{2150E333-8FDC-42A3-9474-1A3956D46DE8}") = "Student Manager Microservice", "Student Manager Microservice", "{5078F5D5-51C3-47DF-A67E-E3401E1AAC6D}"
EndProject
Project("{2150E333-8FDC-42A3-9474-1A3956D46DE8}") = "Microservices", "Microservices", "{6799349E-5D9A-4A59-A611-6A295928E89D}"
EndProject
Project("{9A19103F-16F7-4668-BE54-9A1E7A4F7556}") = "StudentManager", "Microservices\Students Microservice\StudentsManager\StudentManager.csproj", "{166BC694-1782-4C26-869A-BDB7E6314653}"
EndProject
Project("{9A19103F-16F7-4668-BE54-9A1E7A4F7556}") = "LoginMicroService", "Microservices\Login MicroService\LoginMicroService\LoginMicroService.csproj", "{88B218EF-325C-4A48-85DD-DB20B05187EB}"
EndProject
Project("{9A19103F-16F7-4668-BE54-9A1E7A4F7556}") = "Tests", "Microservices\Login MicroService\Tests\Tests.csproj", "{709016C9-12E1-4003-89F2-40D8AB92AA50}"
EndProject
Project("{2150E333-8FDC-42A3-9474-1A3956D46DE8}") = "Thin Clients", "Thin Clients", "{AB789997-233D-4EB5-83DA-5213D66AC22F}"
EndProject
Project("{2150E333-8FDC-42A3-9474-1A3956D46DE8}") = "LoginClientCrossPlatform", "LoginClientCrossPlatform", "{EE1A9794-0770-4E3A-9BE9-7E69AE95A13C}"
EndProject
Project("{FAE04EC0-301F-11D3-BF4B-00C04F79EFBC}") = "LoginClient.UWP", "LoginClient\LoginClient.UWP\LoginClient.UWP.csproj", "{3ADB41AD-1AFE-4348-8FAA-CE3BD05603B9}"
EndProject
Project("{FAE04EC0-301F-11D3-BF4B-00C04F79EFBC}") = "LoginClient.Android", "LoginClient\LoginClient.Android\LoginClient.Android.csproj", "{CA952D7F-9463-4A64-9C91-3D6C8C33B7F1}"
EndProject
Project("{FAE04EC0-301F-11D3-BF4B-00C04F79EFBC}") = "LoginClient.iOS", "LoginClient\LoginClient.iOS\LoginClient.iOS.csproj", "{A557F934-5664-44C4-AA83-2CADE461F93B}"
EndProject
Project("{FAE04EC0-301F-11D3-BF4B-00C04F79EFBC}") = "LoginClient", "LoginClient\LoginClient\LoginClient.csproj", "{C3D84A8C-34BE-4444-81E1-9983483E5AA3}"
EndProject
Global
	GlobalSection(SolutionConfigurationPlatforms) = preSolution
		Debug|Any CPU = Debug|Any CPU
		Debug|ARM = Debug|ARM
		Debug|iPhone = Debug|iPhone
		Debug|iPhoneSimulator = Debug|iPhoneSimulator
		Debug|x64 = Debug|x64
		Debug|x86 = Debug|x86
		Release|Any CPU = Release|Any CPU
		Release|ARM = Release|ARM
		Release|iPhone = Release|iPhone
		Release|iPhoneSimulator = Release|iPhoneSimulator
		Release|x64 = Release|x64
		Release|x86 = Release|x86
	EndGlobalSection
	GlobalSection(ProjectConfigurationPlatforms) = postSolution
		{166BC694-1782-4C26-869A-BDB7E6314653}.Debug|Any CPU.ActiveCfg = Debug|Any CPU
		{166BC694-1782-4C26-869A-BDB7E6314653}.Debug|Any CPU.Build.0 = Debug|Any CPU
		{166BC694-1782-4C26-869A-BDB7E6314653}.Debug|ARM.ActiveCfg = Debug|Any CPU
		{166BC694-1782-4C26-869A-BDB7E6314653}.Debug|ARM.Build.0 = Debug|Any CPU
		{166BC694-1782-4C26-869A-BDB7E6314653}.Debug|iPhone.ActiveCfg = Debug|Any CPU
		{166BC694-1782-4C26-869A-BDB7E6314653}.Debug|iPhone.Build.0 = Debug|Any CPU
		{166BC694-1782-4C26-869A-BDB7E6314653}.Debug|iPhoneSimulator.ActiveCfg = Debug|Any CPU
		{166BC694-1782-4C26-869A-BDB7E6314653}.Debug|iPhoneSimulator.Build.0 = Debug|Any CPU
		{166BC694-1782-4C26-869A-BDB7E6314653}.Debug|x64.ActiveCfg = Debug|Any CPU
		{166BC694-1782-4C26-869A-BDB7E6314653}.Debug|x64.Build.0 = Debug|Any CPU
		{166BC694-1782-4C26-869A-BDB7E6314653}.Debug|x86.ActiveCfg = Debug|Any CPU
		{166BC694-1782-4C26-869A-BDB7E6314653}.Debug|x86.Build.0 = Debug|Any CPU
		{166BC694-1782-4C26-869A-BDB7E6314653}.Release|Any CPU.ActiveCfg = Release|Any CPU
		{166BC694-1782-4C26-869A-BDB7E6314653}.Release|Any CPU.Build.0 = Release|Any CPU
		{166BC694-1782-4C26-869A-BDB7E6314653}.Release|ARM.ActiveCfg = Release|Any CPU
		{166BC694-1782-4C26-869A-BDB7E6314653}.Release|ARM.Build.0 = Release|Any CPU
		{166BC694-1782-4C26-869A-BDB7E6314653}.Release|iPhone.ActiveCfg = Release|Any CPU
		{166BC694-1782-4C26-869A-BDB7E6314653}.Release|iPhone.Build.0 = Release|Any CPU
		{166BC694-1782-4C26-869A-BDB7E6314653}.Release|iPhoneSimulator.ActiveCfg = Release|Any CPU
		{166BC694-1782-4C26-869A-BDB7E6314653}.Release|iPhoneSimulator.Build.0 = Release|Any CPU
		{166BC694-1782-4C26-869A-BDB7E6314653}.Release|x64.ActiveCfg = Release|Any CPU
		{166BC694-1782-4C26-869A-BDB7E6314653}.Release|x64.Build.0 = Release|Any CPU
		{166BC694-1782-4C26-869A-BDB7E6314653}.Release|x86.ActiveCfg = Release|Any CPU
		{166BC694-1782-4C26-869A-BDB7E6314653}.Release|x86.Build.0 = Release|Any CPU
		{88B218EF-325C-4A48-85DD-DB20B05187EB}.Debug|Any CPU.ActiveCfg = Debug|Any CPU
		{88B218EF-325C-4A48-85DD-DB20B05187EB}.Debug|Any CPU.Build.0 = Debug|Any CPU
		{88B218EF-325C-4A48-85DD-DB20B05187EB}.Debug|ARM.ActiveCfg = Debug|Any CPU
		{88B218EF-325C-4A48-85DD-DB20B05187EB}.Debug|ARM.Build.0 = Debug|Any CPU
		{88B218EF-325C-4A48-85DD-DB20B05187EB}.Debug|iPhone.ActiveCfg = Debug|Any CPU
		{88B218EF-325C-4A48-85DD-DB20B05187EB}.Debug|iPhone.Build.0 = Debug|Any CPU
		{88B218EF-325C-4A48-85DD-DB20B05187EB}.Debug|iPhoneSimulator.ActiveCfg = Debug|Any CPU
		{88B218EF-325C-4A48-85DD-DB20B05187EB}.Debug|iPhoneSimulator.Build.0 = Debug|Any CPU
		{88B218EF-325C-4A48-85DD-DB20B05187EB}.Debug|x64.ActiveCfg = Debug|Any CPU
		{88B218EF-325C-4A48-85DD-DB20B05187EB}.Debug|x64.Build.0 = Debug|Any CPU
		{88B218EF-325C-4A48-85DD-DB20B05187EB}.Debug|x86.ActiveCfg = Debug|x86
		{88B218EF-325C-4A48-85DD-DB20B05187EB}.Debug|x86.Build.0 = Debug|x86
		{88B218EF-325C-4A48-85DD-DB20B05187EB}.Release|Any CPU.ActiveCfg = Release|Any CPU
		{88B218EF-325C-4A48-85DD-DB20B05187EB}.Release|Any CPU.Build.0 = Release|Any CPU
		{88B218EF-325C-4A48-85DD-DB20B05187EB}.Release|ARM.ActiveCfg = Release|Any CPU
		{88B218EF-325C-4A48-85DD-DB20B05187EB}.Release|ARM.Build.0 = Release|Any CPU
		{88B218EF-325C-4A48-85DD-DB20B05187EB}.Release|iPhone.ActiveCfg = Release|Any CPU
		{88B218EF-325C-4A48-85DD-DB20B05187EB}.Release|iPhone.Build.0 = Release|Any CPU
		{88B218EF-325C-4A48-85DD-DB20B05187EB}.Release|iPhoneSimulator.ActiveCfg = Release|Any CPU
		{88B218EF-325C-4A48-85DD-DB20B05187EB}.Release|iPhoneSimulator.Build.0 = Release|Any CPU
		{88B218EF-325C-4A48-85DD-DB20B05187EB}.Release|x64.ActiveCfg = Release|Any CPU
		{88B218EF-325C-4A48-85DD-DB20B05187EB}.Release|x64.Build.0 = Release|Any CPU
		{88B218EF-325C-4A48-85DD-DB20B05187EB}.Release|x86.ActiveCfg = Release|x86
		{88B218EF-325C-4A48-85DD-DB20B05187EB}.Release|x86.Build.0 = Release|x86
		{709016C9-12E1-4003-89F2-40D8AB92AA50}.Debug|Any CPU.ActiveCfg = Debug|Any CPU
		{709016C9-12E1-4003-89F2-40D8AB92AA50}.Debug|Any CPU.Build.0 = Debug|Any CPU
		{709016C9-12E1-4003-89F2-40D8AB92AA50}.Debug|ARM.ActiveCfg = Debug|Any CPU
		{709016C9-12E1-4003-89F2-40D8AB92AA50}.Debug|ARM.Build.0 = Debug|Any CPU
		{709016C9-12E1-4003-89F2-40D8AB92AA50}.Debug|iPhone.ActiveCfg = Debug|Any CPU
		{709016C9-12E1-4003-89F2-40D8AB92AA50}.Debug|iPhone.Build.0 = Debug|Any CPU
		{709016C9-12E1-4003-89F2-40D8AB92AA50}.Debug|iPhoneSimulator.ActiveCfg = Debug|Any CPU
		{709016C9-12E1-4003-89F2-40D8AB92AA50}.Debug|iPhoneSimulator.Build.0 = Debug|Any CPU
		{709016C9-12E1-4003-89F2-40D8AB92AA50}.Debug|x64.ActiveCfg = Debug|Any CPU
		{709016C9-12E1-4003-89F2-40D8AB92AA50}.Debug|x64.Build.0 = Debug|Any CPU
		{709016C9-12E1-4003-89F2-40D8AB92AA50}.Debug|x86.ActiveCfg = Debug|Any CPU
		{709016C9-12E1-4003-89F2-40D8AB92AA50}.Debug|x86.Build.0 = Debug|Any CPU
		{709016C9-12E1-4003-89F2-40D8AB92AA50}.Release|Any CPU.ActiveCfg = Release|Any CPU
		{709016C9-12E1-4003-89F2-40D8AB92AA50}.Release|Any CPU.Build.0 = Release|Any CPU
		{709016C9-12E1-4003-89F2-40D8AB92AA50}.Release|ARM.ActiveCfg = Release|Any CPU
		{709016C9-12E1-4003-89F2-40D8AB92AA50}.Release|ARM.Build.0 = Release|Any CPU
		{709016C9-12E1-4003-89F2-40D8AB92AA50}.Release|iPhone.ActiveCfg = Release|Any CPU
		{709016C9-12E1-4003-89F2-40D8AB92AA50}.Release|iPhone.Build.0 = Release|Any CPU
		{709016C9-12E1-4003-89F2-40D8AB92AA50}.Release|iPhoneSimulator.ActiveCfg = Release|Any CPU
		{709016C9-12E1-4003-89F2-40D8AB92AA50}.Release|iPhoneSimulator.Build.0 = Release|Any CPU
		{709016C9-12E1-4003-89F2-40D8AB92AA50}.Release|x64.ActiveCfg = Release|Any CPU
		{709016C9-12E1-4003-89F2-40D8AB92AA50}.Release|x64.Build.0 = Release|Any CPU
		{709016C9-12E1-4003-89F2-40D8AB92AA50}.Release|x86.ActiveCfg = Release|Any CPU
		{709016C9-12E1-4003-89F2-40D8AB92AA50}.Release|x86.Build.0 = Release|Any CPU
		{3ADB41AD-1AFE-4348-8FAA-CE3BD05603B9}.Debug|Any CPU.ActiveCfg = Debug|x64
		{3ADB41AD-1AFE-4348-8FAA-CE3BD05603B9}.Debug|Any CPU.Build.0 = Debug|x64
		{3ADB41AD-1AFE-4348-8FAA-CE3BD05603B9}.Debug|Any CPU.Deploy.0 = Debug|x64
		{3ADB41AD-1AFE-4348-8FAA-CE3BD05603B9}.Debug|ARM.ActiveCfg = Debug|ARM
		{3ADB41AD-1AFE-4348-8FAA-CE3BD05603B9}.Debug|ARM.Build.0 = Debug|ARM
		{3ADB41AD-1AFE-4348-8FAA-CE3BD05603B9}.Debug|ARM.Deploy.0 = Debug|ARM
		{3ADB41AD-1AFE-4348-8FAA-CE3BD05603B9}.Debug|iPhone.ActiveCfg = Debug|x64
		{3ADB41AD-1AFE-4348-8FAA-CE3BD05603B9}.Debug|iPhone.Build.0 = Debug|x64
		{3ADB41AD-1AFE-4348-8FAA-CE3BD05603B9}.Debug|iPhone.Deploy.0 = Debug|x64
		{3ADB41AD-1AFE-4348-8FAA-CE3BD05603B9}.Debug|iPhoneSimulator.ActiveCfg = Debug|x64
		{3ADB41AD-1AFE-4348-8FAA-CE3BD05603B9}.Debug|iPhoneSimulator.Build.0 = Debug|x64
		{3ADB41AD-1AFE-4348-8FAA-CE3BD05603B9}.Debug|iPhoneSimulator.Deploy.0 = Debug|x64
		{3ADB41AD-1AFE-4348-8FAA-CE3BD05603B9}.Debug|x64.ActiveCfg = Debug|x64
		{3ADB41AD-1AFE-4348-8FAA-CE3BD05603B9}.Debug|x64.Build.0 = Debug|x64
		{3ADB41AD-1AFE-4348-8FAA-CE3BD05603B9}.Debug|x64.Deploy.0 = Debug|x64
		{3ADB41AD-1AFE-4348-8FAA-CE3BD05603B9}.Debug|x86.ActiveCfg = Debug|x86
		{3ADB41AD-1AFE-4348-8FAA-CE3BD05603B9}.Debug|x86.Build.0 = Debug|x86
		{3ADB41AD-1AFE-4348-8FAA-CE3BD05603B9}.Debug|x86.Deploy.0 = Debug|x86
		{3ADB41AD-1AFE-4348-8FAA-CE3BD05603B9}.Release|Any CPU.ActiveCfg = Release|x64
		{3ADB41AD-1AFE-4348-8FAA-CE3BD05603B9}.Release|Any CPU.Build.0 = Release|x64
		{3ADB41AD-1AFE-4348-8FAA-CE3BD05603B9}.Release|Any CPU.Deploy.0 = Release|x64
		{3ADB41AD-1AFE-4348-8FAA-CE3BD05603B9}.Release|ARM.ActiveCfg = Release|ARM
		{3ADB41AD-1AFE-4348-8FAA-CE3BD05603B9}.Release|ARM.Build.0 = Release|ARM
		{3ADB41AD-1AFE-4348-8FAA-CE3BD05603B9}.Release|ARM.Deploy.0 = Release|ARM
		{3ADB41AD-1AFE-4348-8FAA-CE3BD05603B9}.Release|iPhone.ActiveCfg = Release|x64
		{3ADB41AD-1AFE-4348-8FAA-CE3BD05603B9}.Release|iPhone.Build.0 = Release|x64
		{3ADB41AD-1AFE-4348-8FAA-CE3BD05603B9}.Release|iPhone.Deploy.0 = Release|x64
		{3ADB41AD-1AFE-4348-8FAA-CE3BD05603B9}.Release|iPhoneSimulator.ActiveCfg = Release|x64
		{3ADB41AD-1AFE-4348-8FAA-CE3BD05603B9}.Release|iPhoneSimulator.Build.0 = Release|x64
		{3ADB41AD-1AFE-4348-8FAA-CE3BD05603B9}.Release|iPhoneSimulator.Deploy.0 = Release|x64
		{3ADB41AD-1AFE-4348-8FAA-CE3BD05603B9}.Release|x64.ActiveCfg = Release|x64
		{3ADB41AD-1AFE-4348-8FAA-CE3BD05603B9}.Release|x64.Build.0 = Release|x64
		{3ADB41AD-1AFE-4348-8FAA-CE3BD05603B9}.Release|x64.Deploy.0 = Release|x64
		{3ADB41AD-1AFE-4348-8FAA-CE3BD05603B9}.Release|x86.ActiveCfg = Release|x86
		{3ADB41AD-1AFE-4348-8FAA-CE3BD05603B9}.Release|x86.Build.0 = Release|x86
		{3ADB41AD-1AFE-4348-8FAA-CE3BD05603B9}.Release|x86.Deploy.0 = Release|x86
		{CA952D7F-9463-4A64-9C91-3D6C8C33B7F1}.Debug|Any CPU.ActiveCfg = Debug|Any CPU
		{CA952D7F-9463-4A64-9C91-3D6C8C33B7F1}.Debug|Any CPU.Build.0 = Debug|Any CPU
		{CA952D7F-9463-4A64-9C91-3D6C8C33B7F1}.Debug|Any CPU.Deploy.0 = Debug|Any CPU
		{CA952D7F-9463-4A64-9C91-3D6C8C33B7F1}.Debug|ARM.ActiveCfg = Debug|Any CPU
		{CA952D7F-9463-4A64-9C91-3D6C8C33B7F1}.Debug|ARM.Build.0 = Debug|Any CPU
		{CA952D7F-9463-4A64-9C91-3D6C8C33B7F1}.Debug|ARM.Deploy.0 = Debug|Any CPU
		{CA952D7F-9463-4A64-9C91-3D6C8C33B7F1}.Debug|iPhone.ActiveCfg = Debug|Any CPU
		{CA952D7F-9463-4A64-9C91-3D6C8C33B7F1}.Debug|iPhone.Build.0 = Debug|Any CPU
		{CA952D7F-9463-4A64-9C91-3D6C8C33B7F1}.Debug|iPhone.Deploy.0 = Debug|Any CPU
		{CA952D7F-9463-4A64-9C91-3D6C8C33B7F1}.Debug|iPhoneSimulator.ActiveCfg = Debug|Any CPU
		{CA952D7F-9463-4A64-9C91-3D6C8C33B7F1}.Debug|iPhoneSimulator.Build.0 = Debug|Any CPU
		{CA952D7F-9463-4A64-9C91-3D6C8C33B7F1}.Debug|iPhoneSimulator.Deploy.0 = Debug|Any CPU
		{CA952D7F-9463-4A64-9C91-3D6C8C33B7F1}.Debug|x64.ActiveCfg = Debug|Any CPU
		{CA952D7F-9463-4A64-9C91-3D6C8C33B7F1}.Debug|x64.Build.0 = Debug|Any CPU
		{CA952D7F-9463-4A64-9C91-3D6C8C33B7F1}.Debug|x64.Deploy.0 = Debug|Any CPU
		{CA952D7F-9463-4A64-9C91-3D6C8C33B7F1}.Debug|x86.ActiveCfg = Debug|Any CPU
		{CA952D7F-9463-4A64-9C91-3D6C8C33B7F1}.Debug|x86.Build.0 = Debug|Any CPU
		{CA952D7F-9463-4A64-9C91-3D6C8C33B7F1}.Debug|x86.Deploy.0 = Debug|Any CPU
		{CA952D7F-9463-4A64-9C91-3D6C8C33B7F1}.Release|Any CPU.ActiveCfg = Release|Any CPU
		{CA952D7F-9463-4A64-9C91-3D6C8C33B7F1}.Release|Any CPU.Build.0 = Release|Any CPU
		{CA952D7F-9463-4A64-9C91-3D6C8C33B7F1}.Release|Any CPU.Deploy.0 = Release|Any CPU
		{CA952D7F-9463-4A64-9C91-3D6C8C33B7F1}.Release|ARM.ActiveCfg = Release|Any CPU
		{CA952D7F-9463-4A64-9C91-3D6C8C33B7F1}.Release|ARM.Build.0 = Release|Any CPU
		{CA952D7F-9463-4A64-9C91-3D6C8C33B7F1}.Release|ARM.Deploy.0 = Release|Any CPU
		{CA952D7F-9463-4A64-9C91-3D6C8C33B7F1}.Release|iPhone.ActiveCfg = Release|Any CPU
		{CA952D7F-9463-4A64-9C91-3D6C8C33B7F1}.Release|iPhone.Build.0 = Release|Any CPU
		{CA952D7F-9463-4A64-9C91-3D6C8C33B7F1}.Release|iPhone.Deploy.0 = Release|Any CPU
		{CA952D7F-9463-4A64-9C91-3D6C8C33B7F1}.Release|iPhoneSimulator.ActiveCfg = Release|Any CPU
		{CA952D7F-9463-4A64-9C91-3D6C8C33B7F1}.Release|iPhoneSimulator.Build.0 = Release|Any CPU
		{CA952D7F-9463-4A64-9C91-3D6C8C33B7F1}.Release|iPhoneSimulator.Deploy.0 = Release|Any CPU
		{CA952D7F-9463-4A64-9C91-3D6C8C33B7F1}.Release|x64.ActiveCfg = Release|Any CPU
		{CA952D7F-9463-4A64-9C91-3D6C8C33B7F1}.Release|x64.Build.0 = Release|Any CPU
		{CA952D7F-9463-4A64-9C91-3D6C8C33B7F1}.Release|x64.Deploy.0 = Release|Any CPU
		{CA952D7F-9463-4A64-9C91-3D6C8C33B7F1}.Release|x86.ActiveCfg = Release|Any CPU
		{CA952D7F-9463-4A64-9C91-3D6C8C33B7F1}.Release|x86.Build.0 = Release|Any CPU
		{CA952D7F-9463-4A64-9C91-3D6C8C33B7F1}.Release|x86.Deploy.0 = Release|Any CPU
		{A557F934-5664-44C4-AA83-2CADE461F93B}.Debug|Any CPU.ActiveCfg = Debug|iPhoneSimulator
		{A557F934-5664-44C4-AA83-2CADE461F93B}.Debug|Any CPU.Build.0 = Debug|iPhoneSimulator
		{A557F934-5664-44C4-AA83-2CADE461F93B}.Debug|ARM.ActiveCfg = Debug|iPhoneSimulator
		{A557F934-5664-44C4-AA83-2CADE461F93B}.Debug|ARM.Build.0 = Debug|iPhoneSimulator
		{A557F934-5664-44C4-AA83-2CADE461F93B}.Debug|iPhone.ActiveCfg = Debug|iPhone
		{A557F934-5664-44C4-AA83-2CADE461F93B}.Debug|iPhone.Build.0 = Debug|iPhone
		{A557F934-5664-44C4-AA83-2CADE461F93B}.Debug|iPhoneSimulator.ActiveCfg = Debug|iPhoneSimulator
		{A557F934-5664-44C4-AA83-2CADE461F93B}.Debug|iPhoneSimulator.Build.0 = Debug|iPhoneSimulator
		{A557F934-5664-44C4-AA83-2CADE461F93B}.Debug|x64.ActiveCfg = Debug|iPhoneSimulator
		{A557F934-5664-44C4-AA83-2CADE461F93B}.Debug|x64.Build.0 = Debug|iPhoneSimulator
		{A557F934-5664-44C4-AA83-2CADE461F93B}.Debug|x86.ActiveCfg = Debug|iPhoneSimulator
		{A557F934-5664-44C4-AA83-2CADE461F93B}.Debug|x86.Build.0 = Debug|iPhoneSimulator
		{A557F934-5664-44C4-AA83-2CADE461F93B}.Release|Any CPU.ActiveCfg = Release|iPhoneSimulator
		{A557F934-5664-44C4-AA83-2CADE461F93B}.Release|Any CPU.Build.0 = Release|iPhoneSimulator
		{A557F934-5664-44C4-AA83-2CADE461F93B}.Release|ARM.ActiveCfg = Release|iPhoneSimulator
		{A557F934-5664-44C4-AA83-2CADE461F93B}.Release|ARM.Build.0 = Release|iPhoneSimulator
		{A557F934-5664-44C4-AA83-2CADE461F93B}.Release|iPhone.ActiveCfg = Release|iPhone
		{A557F934-5664-44C4-AA83-2CADE461F93B}.Release|iPhone.Build.0 = Release|iPhone
		{A557F934-5664-44C4-AA83-2CADE461F93B}.Release|iPhoneSimulator.ActiveCfg = Release|iPhoneSimulator
		{A557F934-5664-44C4-AA83-2CADE461F93B}.Release|iPhoneSimulator.Build.0 = Release|iPhoneSimulator
		{A557F934-5664-44C4-AA83-2CADE461F93B}.Release|x64.ActiveCfg = Release|iPhoneSimulator
		{A557F934-5664-44C4-AA83-2CADE461F93B}.Release|x64.Build.0 = Release|iPhoneSimulator
		{A557F934-5664-44C4-AA83-2CADE461F93B}.Release|x86.ActiveCfg = Release|iPhoneSimulator
		{A557F934-5664-44C4-AA83-2CADE461F93B}.Release|x86.Build.0 = Release|iPhoneSimulator
		{C3D84A8C-34BE-4444-81E1-9983483E5AA3}.Debug|Any CPU.ActiveCfg = Debug|Any CPU
		{C3D84A8C-34BE-4444-81E1-9983483E5AA3}.Debug|Any CPU.Build.0 = Debug|Any CPU
		{C3D84A8C-34BE-4444-81E1-9983483E5AA3}.Debug|ARM.ActiveCfg = Debug|Any CPU
		{C3D84A8C-34BE-4444-81E1-9983483E5AA3}.Debug|ARM.Build.0 = Debug|Any CPU
		{C3D84A8C-34BE-4444-81E1-9983483E5AA3}.Debug|iPhone.ActiveCfg = Debug|Any CPU
		{C3D84A8C-34BE-4444-81E1-9983483E5AA3}.Debug|iPhone.Build.0 = Debug|Any CPU
		{C3D84A8C-34BE-4444-81E1-9983483E5AA3}.Debug|iPhoneSimulator.ActiveCfg = Debug|Any CPU
		{C3D84A8C-34BE-4444-81E1-9983483E5AA3}.Debug|iPhoneSimulator.Build.0 = Debug|Any CPU
		{C3D84A8C-34BE-4444-81E1-9983483E5AA3}.Debug|x64.ActiveCfg = Debug|Any CPU
		{C3D84A8C-34BE-4444-81E1-9983483E5AA3}.Debug|x64.Build.0 = Debug|Any CPU
		{C3D84A8C-34BE-4444-81E1-9983483E5AA3}.Debug|x86.ActiveCfg = Debug|Any CPU
		{C3D84A8C-34BE-4444-81E1-9983483E5AA3}.Debug|x86.Build.0 = Debug|Any CPU
		{C3D84A8C-34BE-4444-81E1-9983483E5AA3}.Release|Any CPU.ActiveCfg = Release|Any CPU
		{C3D84A8C-34BE-4444-81E1-9983483E5AA3}.Release|Any CPU.Build.0 = Release|Any CPU
		{C3D84A8C-34BE-4444-81E1-9983483E5AA3}.Release|ARM.ActiveCfg = Release|Any CPU
		{C3D84A8C-34BE-4444-81E1-9983483E5AA3}.Release|ARM.Build.0 = Release|Any CPU
		{C3D84A8C-34BE-4444-81E1-9983483E5AA3}.Release|iPhone.ActiveCfg = Release|Any CPU
		{C3D84A8C-34BE-4444-81E1-9983483E5AA3}.Release|iPhone.Build.0 = Release|Any CPU
		{C3D84A8C-34BE-4444-81E1-9983483E5AA3}.Release|iPhoneSimulator.ActiveCfg = Release|Any CPU
		{C3D84A8C-34BE-4444-81E1-9983483E5AA3}.Release|iPhoneSimulator.Build.0 = Release|Any CPU
		{C3D84A8C-34BE-4444-81E1-9983483E5AA3}.Release|x64.ActiveCfg = Release|Any CPU
		{C3D84A8C-34BE-4444-81E1-9983483E5AA3}.Release|x64.Build.0 = Release|Any CPU
		{C3D84A8C-34BE-4444-81E1-9983483E5AA3}.Release|x86.ActiveCfg = Release|Any CPU
		{C3D84A8C-34BE-4444-81E1-9983483E5AA3}.Release|x86.Build.0 = Release|Any CPU
	EndGlobalSection
	GlobalSection(SolutionProperties) = preSolution
		HideSolutionNode = FALSE
	EndGlobalSection
	GlobalSection(NestedProjects) = preSolution
		{848E46EF-A2CE-46E1-ACFB-38FBEB0BB652} = {6799349E-5D9A-4A59-A611-6A295928E89D}
		{5078F5D5-51C3-47DF-A67E-E3401E1AAC6D} = {6799349E-5D9A-4A59-A611-6A295928E89D}
		{166BC694-1782-4C26-869A-BDB7E6314653} = {5078F5D5-51C3-47DF-A67E-E3401E1AAC6D}
		{88B218EF-325C-4A48-85DD-DB20B05187EB} = {848E46EF-A2CE-46E1-ACFB-38FBEB0BB652}
		{709016C9-12E1-4003-89F2-40D8AB92AA50} = {848E46EF-A2CE-46E1-ACFB-38FBEB0BB652}
		{EE1A9794-0770-4E3A-9BE9-7E69AE95A13C} = {AB789997-233D-4EB5-83DA-5213D66AC22F}
		{3ADB41AD-1AFE-4348-8FAA-CE3BD05603B9} = {EE1A9794-0770-4E3A-9BE9-7E69AE95A13C}
		{CA952D7F-9463-4A64-9C91-3D6C8C33B7F1} = {EE1A9794-0770-4E3A-9BE9-7E69AE95A13C}
		{A557F934-5664-44C4-AA83-2CADE461F93B} = {EE1A9794-0770-4E3A-9BE9-7E69AE95A13C}
		{C3D84A8C-34BE-4444-81E1-9983483E5AA3} = {EE1A9794-0770-4E3A-9BE9-7E69AE95A13C}
	EndGlobalSection
	GlobalSection(ExtensibilityGlobals) = postSolution
		SolutionGuid = {C8F9BACD-B4BB-4AFE-9C17-4DC0274D41CE}
	EndGlobalSection
EndGlobal
